
Microsoft Visual Studio Solution File, Format Version 12.00
# Visual Studio Version 17
VisualStudioVersion = 17.9.34723.18
MinimumVisualStudioVersion = 10.0.40219.1
Project("{FAE04EC0-301F-11D3-BF4B-00C04F79EFBC}") = "lab_8_c#", "lab_8_c#.csproj", "{7B3D71AF-3657-4F26-8F0E-89CE7D774220}"
EndProject
Global
	GlobalSection(SolutionConfigurationPlatforms) = preSolution
		Debug|Any CPU = Debug|Any CPU
		Release|Any CPU = Release|Any CPU
	EndGlobalSection
	GlobalSection(ProjectConfigurationPlatforms) = postSolution
		{7B3D71AF-3657-4F26-8F0E-89CE7D774220}.Debug|Any CPU.ActiveCfg = Debug|Any CPU
		{7B3D71AF-3657-4F26-8F0E-89CE7D774220}.Debug|Any CPU.Build.0 = Debug|Any CPU
		{7B3D71AF-3657-4F26-8F0E-89CE7D774220}.Release|Any CPU.ActiveCfg = Release|Any CPU
		{7B3D71AF-3657-4F26-8F0E-89CE7D774220}.Release|Any CPU.Build.0 = Release|Any CPU
	EndGlobalSection
	GlobalSection(SolutionProperties) = preSolution
		HideSolutionNode = FALSE
	EndGlobalSection
	GlobalSection(ExtensibilityGlobals) = postSolution
		SolutionGuid = {F26F78CC-0592-4061-91DB-7A2F27AF9B74}
	EndGlobalSection
EndGlobal
